
Microsoft Visual Studio Solution File, Format Version 12.00
# Visual Studio Version 17
VisualStudioVersion = 17.4.33213.308
MinimumVisualStudioVersion = 10.0.40219.1
Project("{8BC9CEB8-8B4A-11D0-8D11-00A0C91BC942}") = "Game", "Game\Game.vcxproj", "{C06DF6CC-A3FF-42A8-AE5F-FBA8AE731C68}"
EndProject
Project("{8BC9CEB8-8B4A-11D0-8D11-00A0C91BC942}") = "Engine", "Engine\Engine.vcxproj", "{9D4822D1-777F-4FF2-A78F-88FA9FF82153}"
EndProject
Project("{2150E333-8FDC-42A3-9474-1A3956D46DE8}") = "HLSL", "HLSL", "{41607995-DF67-4499-9277-8A2F00B457EC}"
	ProjectSection(SolutionItems) = preProject
		HLSL\Common.hlsli = HLSL\Common.hlsli
		HLSL\Material.hlsl = HLSL\Material.hlsl
		HLSL\PS_SkeletalMesh.hlsl = HLSL\PS_SkeletalMesh.hlsl
		HLSL\VS_SkeletalMesh.hlsl = HLSL\VS_SkeletalMesh.hlsl
	EndProjectSection
EndProject
Global
	GlobalSection(SolutionConfigurationPlatforms) = preSolution
		Debug|x64 = Debug|x64
		Debug|x86 = Debug|x86
		Release|x64 = Release|x64
		Release|x86 = Release|x86
	EndGlobalSection
	GlobalSection(ProjectConfigurationPlatforms) = postSolution
		{C06DF6CC-A3FF-42A8-AE5F-FBA8AE731C68}.Debug|x64.ActiveCfg = Debug|x64
		{C06DF6CC-A3FF-42A8-AE5F-FBA8AE731C68}.Debug|x64.Build.0 = Debug|x64
		{C06DF6CC-A3FF-42A8-AE5F-FBA8AE731C68}.Debug|x86.ActiveCfg = Debug|Win32
		{C06DF6CC-A3FF-42A8-AE5F-FBA8AE731C68}.Debug|x86.Build.0 = Debug|Win32
		{C06DF6CC-A3FF-42A8-AE5F-FBA8AE731C68}.Release|x64.ActiveCfg = Release|x64
		{C06DF6CC-A3FF-42A8-AE5F-FBA8AE731C68}.Release|x64.Build.0 = Release|x64
		{C06DF6CC-A3FF-42A8-AE5F-FBA8AE731C68}.Release|x86.ActiveCfg = Release|Win32
		{C06DF6CC-A3FF-42A8-AE5F-FBA8AE731C68}.Release|x86.Build.0 = Release|Win32
		{9D4822D1-777F-4FF2-A78F-88FA9FF82153}.Debug|x64.ActiveCfg = Debug|x64
		{9D4822D1-777F-4FF2-A78F-88FA9FF82153}.Debug|x64.Build.0 = Debug|x64
		{9D4822D1-777F-4FF2-A78F-88FA9FF82153}.Debug|x86.ActiveCfg = Debug|Win32
		{9D4822D1-777F-4FF2-A78F-88FA9FF82153}.Debug|x86.Build.0 = Debug|Win32
		{9D4822D1-777F-4FF2-A78F-88FA9FF82153}.Release|x64.ActiveCfg = Release|x64
		{9D4822D1-777F-4FF2-A78F-88FA9FF82153}.Release|x64.Build.0 = Release|x64
		{9D4822D1-777F-4FF2-A78F-88FA9FF82153}.Release|x86.ActiveCfg = Release|Win32
		{9D4822D1-777F-4FF2-A78F-88FA9FF82153}.Release|x86.Build.0 = Release|Win32
	EndGlobalSection
	GlobalSection(SolutionProperties) = preSolution
		HideSolutionNode = FALSE
	EndGlobalSection
	GlobalSection(ExtensibilityGlobals) = postSolution
		SolutionGuid = {204E1B8F-C2F2-43DB-BB3D-562E079221CD}
	EndGlobalSection
EndGlobal
